
Microsoft Visual Studio Solution File, Format Version 12.00
# Visual Studio Version 16
VisualStudioVersion = 16.0.31424.327
MinimumVisualStudioVersion = 10.0.40219.1
Project("{FAE04EC0-301F-11D3-BF4B-00C04F79EFBC}") = "AdivinaNumero", "AdivinaNumero\AdivinaNumero.csproj", "{F8FA3317-03F8-4647-A40C-B28DB9650008}"
EndProject
Global
	GlobalSection(SolutionConfigurationPlatforms) = preSolution
		Debug|Any CPU = Debug|Any CPU
		Release|Any CPU = Release|Any CPU
	EndGlobalSection
	GlobalSection(ProjectConfigurationPlatforms) = postSolution
		{F8FA3317-03F8-4647-A40C-B28DB9650008}.Debug|Any CPU.ActiveCfg = Debug|Any CPU
		{F8FA3317-03F8-4647-A40C-B28DB9650008}.Debug|Any CPU.Build.0 = Debug|Any CPU
		{F8FA3317-03F8-4647-A40C-B28DB9650008}.Release|Any CPU.ActiveCfg = Release|Any CPU
		{F8FA3317-03F8-4647-A40C-B28DB9650008}.Release|Any CPU.Build.0 = Release|Any CPU
	EndGlobalSection
	GlobalSection(SolutionProperties) = preSolution
		HideSolutionNode = FALSE
	EndGlobalSection
	GlobalSection(ExtensibilityGlobals) = postSolution
		SolutionGuid = {4F757F66-5F46-46C3-A03B-17B3DD289967}
	EndGlobalSection
EndGlobal
